{
  "version": 4,
  "terraform_version": "1.8.4",
  "serial": 222,
  "lineage": "43e83ed5-c744-475e-735c-709cf69dce78",
  "outputs": {},
  "resources": [
    {
      "mode": "data",
      "type": "template_file",
      "name": "cloudinit_dhcp_client",
      "provider": "provider[\"registry.terraform.io/hashicorp/template\"]",
      "instances": [
        {
          "schema_version": 0,
          "attributes": {
            "filename": null,
            "id": "ffd2319cf5caa3abbc25f8995697613e13f50927f0c724ad58aacfda3a8198f6",
            "rendered": "#cloud-config\nhostname: dhcp-client\nusers:\n  - name: aluno\n    plain_text_passwd: \"1234\"\n    lock_passwd: false\n    shell: /bin/bash\n    sudo: [\"ALL=(ALL) NOPASSWD:ALL\"]\n\nwrite_files:\n  - path: /usr/local/bin/request-ip.sh\n    permissions: '0755'\n    content: |\n      #!/bin/bash\n      apt-get update\n      apt-get install -y isc-dhcp-client net-tools\n      iface=$(ip link | awk -F: '$0 ~ \"^[0-9]+: ens\" {print $2}' | tr -d ' ')\n      dhclient -v $iface\n\nruncmd:\n  - bash /usr/local/bin/request-ip.sh\n",
            "template": "#cloud-config\nhostname: dhcp-client\nusers:\n  - name: aluno\n    plain_text_passwd: \"1234\"\n    lock_passwd: false\n    shell: /bin/bash\n    sudo: [\"ALL=(ALL) NOPASSWD:ALL\"]\n\nwrite_files:\n  - path: /usr/local/bin/request-ip.sh\n    permissions: '0755'\n    content: |\n      #!/bin/bash\n      apt-get update\n      apt-get install -y isc-dhcp-client net-tools\n      iface=$(ip link | awk -F: '$0 ~ \"^[0-9]+: ens\" {print $2}' | tr -d ' ')\n      dhclient -v $iface\n\nruncmd:\n  - bash /usr/local/bin/request-ip.sh\n",
            "vars": null
          },
          "sensitive_attributes": []
        }
      ]
    },
    {
      "mode": "data",
      "type": "template_file",
      "name": "cloudinit_dhcp_server",
      "provider": "provider[\"registry.terraform.io/hashicorp/template\"]",
      "instances": [
        {
          "schema_version": 0,
          "attributes": {
            "filename": null,
            "id": "1f3e69c9c577371bfedcfa294646f35616f2a6019fb26d93f65173798ff0baa5",
            "rendered": "#cloud-config\nnetwork: {config: disabled}\n\nhostname: dhcp-server\nusers:\n  - name: aluno\n    plain_text_passwd: \"1234\"\n    lock_passwd: false\n    shell: /bin/bash\n    sudo: [\"ALL=(ALL) NOPASSWD:ALL\"]\n\nwrite_files:\n  - path: /etc/netplan/01-static.yaml\n    permissions: '0644'\n    content: |\n      network:\n        version: 2\n        renderer: networkd\n        ethernets:\n          ens3:\n            dhcp4: false\n            addresses: [192.168.122.10/24]\n            gateway4: 192.168.122.1\n            nameservers:\n              addresses: [8.8.8.8, 1.1.1.1]\n\n  - path: /etc/dhcp/dhcpd.conf\n    permissions: '0644'\n    content: |\n      subnet 192.168.122.0 netmask 255.255.255.0 {\n        range 192.168.122.100 192.168.122.200;\n        option routers 192.168.122.10;\n        option domain-name-servers 8.8.8.8;\n        default-lease-time 600;\n        max-lease-time 7200;\n      }\n\n  - path: /etc/default/isc-dhcp-server\n    permissions: '0644'\n    content: |\n      INTERFACESv4=\"ens3\"\n      INTERFACESv6=\"\"\n\n  - path: /usr/local/bin/setup-dhcp.sh\n    permissions: '0755'\n    content: |\n      #!/bin/bash\n      apt-get update\n      apt-get install -y isc-dhcp-server net-tools\n      systemctl enable isc-dhcp-server\n      systemctl restart isc-dhcp-server\n      ufw disable\n      echo \"net.ipv4.ip_forward = 1\" \u003e\u003e /etc/sysctl.conf\n      sysctl -p\n\nruncmd:\n  - netplan apply\n  - bash /usr/local/bin/setup-dhcp.sh\n",
            "template": "#cloud-config\nnetwork: {config: disabled}\n\nhostname: dhcp-server\nusers:\n  - name: aluno\n    plain_text_passwd: \"1234\"\n    lock_passwd: false\n    shell: /bin/bash\n    sudo: [\"ALL=(ALL) NOPASSWD:ALL\"]\n\nwrite_files:\n  - path: /etc/netplan/01-static.yaml\n    permissions: '0644'\n    content: |\n      network:\n        version: 2\n        renderer: networkd\n        ethernets:\n          ens3:\n            dhcp4: false\n            addresses: [192.168.122.10/24]\n            gateway4: 192.168.122.1\n            nameservers:\n              addresses: [8.8.8.8, 1.1.1.1]\n\n  - path: /etc/dhcp/dhcpd.conf\n    permissions: '0644'\n    content: |\n      subnet 192.168.122.0 netmask 255.255.255.0 {\n        range 192.168.122.100 192.168.122.200;\n        option routers 192.168.122.10;\n        option domain-name-servers 8.8.8.8;\n        default-lease-time 600;\n        max-lease-time 7200;\n      }\n\n  - path: /etc/default/isc-dhcp-server\n    permissions: '0644'\n    content: |\n      INTERFACESv4=\"ens3\"\n      INTERFACESv6=\"\"\n\n  - path: /usr/local/bin/setup-dhcp.sh\n    permissions: '0755'\n    content: |\n      #!/bin/bash\n      apt-get update\n      apt-get install -y isc-dhcp-server net-tools\n      systemctl enable isc-dhcp-server\n      systemctl restart isc-dhcp-server\n      ufw disable\n      echo \"net.ipv4.ip_forward = 1\" \u003e\u003e /etc/sysctl.conf\n      sysctl -p\n\nruncmd:\n  - netplan apply\n  - bash /usr/local/bin/setup-dhcp.sh\n",
            "vars": null
          },
          "sensitive_attributes": []
        }
      ]
    },
    {
      "mode": "managed",
      "type": "libvirt_cloudinit_disk",
      "name": "dhcp_client_cloudinit",
      "provider": "provider[\"registry.terraform.io/dmacvicar/libvirt\"]",
      "instances": [
        {
          "schema_version": 0,
          "attributes": {
            "id": "/var/lib/libvirt/images/cloudinit-dhcp-client.iso;881a87b8-5714-4e59-aa93-8f6deecb8ba3",
            "meta_data": "",
            "name": "cloudinit-dhcp-client.iso",
            "network_config": "",
            "pool": "default",
            "user_data": "#cloud-config\nhostname: dhcp-client\nusers:\n  - name: aluno\n    plain_text_passwd: \"1234\"\n    lock_passwd: false\n    shell: /bin/bash\n    sudo: [\"ALL=(ALL) NOPASSWD:ALL\"]\n\nwrite_files:\n  - path: /usr/local/bin/request-ip.sh\n    permissions: '0755'\n    content: |\n      #!/bin/bash\n      apt-get update\n      apt-get install -y isc-dhcp-client net-tools\n      iface=$(ip link | awk -F: '$0 ~ \"^[0-9]+: ens\" {print $2}' | tr -d ' ')\n      dhclient -v $iface\n\nruncmd:\n  - bash /usr/local/bin/request-ip.sh\n"
          },
          "sensitive_attributes": [],
          "private": "bnVsbA==",
          "dependencies": [
            "data.template_file.cloudinit_dhcp_client"
          ]
        }
      ]
    },
    {
      "mode": "managed",
      "type": "libvirt_cloudinit_disk",
      "name": "dhcp_server_cloudinit",
      "provider": "provider[\"registry.terraform.io/dmacvicar/libvirt\"]",
      "instances": [
        {
          "schema_version": 0,
          "attributes": {
            "id": "/var/lib/libvirt/images/cloudinit-dhcp-server.iso;f0954721-13eb-4952-b56b-b27335aa9625",
            "meta_data": "",
            "name": "cloudinit-dhcp-server.iso",
            "network_config": "",
            "pool": "default",
            "user_data": "#cloud-config\nnetwork: {config: disabled}\n\nhostname: dhcp-server\nusers:\n  - name: aluno\n    plain_text_passwd: \"1234\"\n    lock_passwd: false\n    shell: /bin/bash\n    sudo: [\"ALL=(ALL) NOPASSWD:ALL\"]\n\nwrite_files:\n  - path: /etc/netplan/01-static.yaml\n    permissions: '0644'\n    content: |\n      network:\n        version: 2\n        renderer: networkd\n        ethernets:\n          ens3:\n            dhcp4: false\n            addresses: [192.168.122.10/24]\n            gateway4: 192.168.122.1\n            nameservers:\n              addresses: [8.8.8.8, 1.1.1.1]\n\n  - path: /etc/dhcp/dhcpd.conf\n    permissions: '0644'\n    content: |\n      subnet 192.168.122.0 netmask 255.255.255.0 {\n        range 192.168.122.100 192.168.122.200;\n        option routers 192.168.122.10;\n        option domain-name-servers 8.8.8.8;\n        default-lease-time 600;\n        max-lease-time 7200;\n      }\n\n  - path: /etc/default/isc-dhcp-server\n    permissions: '0644'\n    content: |\n      INTERFACESv4=\"ens3\"\n      INTERFACESv6=\"\"\n\n  - path: /usr/local/bin/setup-dhcp.sh\n    permissions: '0755'\n    content: |\n      #!/bin/bash\n      apt-get update\n      apt-get install -y isc-dhcp-server net-tools\n      systemctl enable isc-dhcp-server\n      systemctl restart isc-dhcp-server\n      ufw disable\n      echo \"net.ipv4.ip_forward = 1\" \u003e\u003e /etc/sysctl.conf\n      sysctl -p\n\nruncmd:\n  - netplan apply\n  - bash /usr/local/bin/setup-dhcp.sh\n"
          },
          "sensitive_attributes": [],
          "private": "bnVsbA==",
          "dependencies": [
            "data.template_file.cloudinit_dhcp_server"
          ]
        }
      ]
    },
    {
      "mode": "managed",
      "type": "libvirt_domain",
      "name": "dhcp_client",
      "provider": "provider[\"registry.terraform.io/dmacvicar/libvirt\"]",
      "instances": [
        {
          "schema_version": 0,
          "attributes": {
            "arch": "x86_64",
            "autostart": false,
            "boot_device": [],
            "cloudinit": "/var/lib/libvirt/images/cloudinit-dhcp-client.iso;881a87b8-5714-4e59-aa93-8f6deecb8ba3",
            "cmdline": null,
            "console": [
              {
                "source_host": "127.0.0.1",
                "source_path": "",
                "source_service": "0",
                "target_port": "0",
                "target_type": "serial",
                "type": "pty"
              }
            ],
            "coreos_ignition": null,
            "cpu": [
              {
                "mode": "custom"
              }
            ],
            "description": "",
            "disk": [
              {
                "block_device": "",
                "file": "",
                "scsi": false,
                "url": "",
                "volume_id": "/var/lib/libvirt/images/dhcp-client.qcow2",
                "wwn": ""
              }
            ],
            "emulator": "/usr/bin/qemu-system-x86_64",
            "filesystem": [],
            "firmware": null,
            "fw_cfg_name": "opt/com.coreos/config",
            "graphics": [
              {
                "autoport": true,
                "listen_address": "127.0.0.1",
                "listen_type": "address",
                "type": "vnc",
                "websocket": 0
              }
            ],
            "id": "b97d3156-b1ba-4753-b281-a1d7ed3f0af6",
            "initrd": "",
            "kernel": "",
            "machine": "ubuntu",
            "memory": 1024,
            "metadata": null,
            "name": "dhcp-client",
            "network_interface": [
              {
                "addresses": [],
                "bridge": "",
                "hostname": "",
                "mac": "52:54:00:4A:A1:A9",
                "macvtap": "",
                "network_id": "6f8d637c-f2f9-417c-8101-e58e1d9e825b",
                "network_name": "default",
                "passthrough": "",
                "vepa": "",
                "wait_for_lease": false
              }
            ],
            "nvram": [],
            "qemu_agent": false,
            "running": true,
            "timeouts": null,
            "tpm": [],
            "type": "kvm",
            "vcpu": 1,
            "video": [],
            "xml": []
          },
          "sensitive_attributes": [],
          "private": "eyJlMmJmYjczMC1lY2FhLTExZTYtOGY4OC0zNDM2M2JjN2M0YzAiOnsiY3JlYXRlIjozMDAwMDAwMDAwMDB9fQ==",
          "dependencies": [
            "data.template_file.cloudinit_dhcp_client",
            "libvirt_cloudinit_disk.dhcp_client_cloudinit",
            "libvirt_volume.client_disk",
            "libvirt_volume.ubuntu_base"
          ]
        }
      ]
    },
    {
      "mode": "managed",
      "type": "libvirt_domain",
      "name": "dhcp_server",
      "provider": "provider[\"registry.terraform.io/dmacvicar/libvirt\"]",
      "instances": [
        {
          "schema_version": 0,
          "attributes": {
            "arch": "x86_64",
            "autostart": false,
            "boot_device": [],
            "cloudinit": "/var/lib/libvirt/images/cloudinit-dhcp-server.iso;f0954721-13eb-4952-b56b-b27335aa9625",
            "cmdline": null,
            "console": [
              {
                "source_host": "127.0.0.1",
                "source_path": "",
                "source_service": "0",
                "target_port": "0",
                "target_type": "serial",
                "type": "pty"
              }
            ],
            "coreos_ignition": null,
            "cpu": [
              {
                "mode": "custom"
              }
            ],
            "description": "",
            "disk": [
              {
                "block_device": "",
                "file": "",
                "scsi": false,
                "url": "",
                "volume_id": "/var/lib/libvirt/images/dhcp-server.qcow2",
                "wwn": ""
              }
            ],
            "emulator": "/usr/bin/qemu-system-x86_64",
            "filesystem": [],
            "firmware": null,
            "fw_cfg_name": "opt/com.coreos/config",
            "graphics": [
              {
                "autoport": true,
                "listen_address": "127.0.0.1",
                "listen_type": "address",
                "type": "vnc",
                "websocket": 0
              }
            ],
            "id": "623245d2-6748-48c9-8df2-72f67eeb7b51",
            "initrd": "",
            "kernel": "",
            "machine": "ubuntu",
            "memory": 1024,
            "metadata": null,
            "name": "dhcp-server",
            "network_interface": [
              {
                "addresses": [],
                "bridge": "",
                "hostname": "",
                "mac": "52:54:00:26:C6:3F",
                "macvtap": "",
                "network_id": "6f8d637c-f2f9-417c-8101-e58e1d9e825b",
                "network_name": "default",
                "passthrough": "",
                "vepa": "",
                "wait_for_lease": false
              }
            ],
            "nvram": [],
            "qemu_agent": false,
            "running": true,
            "timeouts": null,
            "tpm": [],
            "type": "kvm",
            "vcpu": 1,
            "video": [],
            "xml": []
          },
          "sensitive_attributes": [],
          "private": "eyJlMmJmYjczMC1lY2FhLTExZTYtOGY4OC0zNDM2M2JjN2M0YzAiOnsiY3JlYXRlIjozMDAwMDAwMDAwMDB9fQ==",
          "dependencies": [
            "data.template_file.cloudinit_dhcp_server",
            "libvirt_cloudinit_disk.dhcp_server_cloudinit",
            "libvirt_volume.dhcp_disk",
            "libvirt_volume.ubuntu_base"
          ]
        }
      ]
    },
    {
      "mode": "managed",
      "type": "libvirt_volume",
      "name": "client_disk",
      "provider": "provider[\"registry.terraform.io/dmacvicar/libvirt\"]",
      "instances": [
        {
          "schema_version": 0,
          "attributes": {
            "base_volume_id": "/var/lib/libvirt/images/ubuntu-base.qcow2",
            "base_volume_name": null,
            "base_volume_pool": null,
            "format": "qcow2",
            "id": "/var/lib/libvirt/images/dhcp-client.qcow2",
            "name": "dhcp-client.qcow2",
            "pool": "default",
            "size": 2361393152,
            "source": null,
            "xml": []
          },
          "sensitive_attributes": [],
          "private": "bnVsbA==",
          "dependencies": [
            "libvirt_volume.ubuntu_base"
          ]
        }
      ]
    },
    {
      "mode": "managed",
      "type": "libvirt_volume",
      "name": "dhcp_disk",
      "provider": "provider[\"registry.terraform.io/dmacvicar/libvirt\"]",
      "instances": [
        {
          "schema_version": 0,
          "attributes": {
            "base_volume_id": "/var/lib/libvirt/images/ubuntu-base.qcow2",
            "base_volume_name": null,
            "base_volume_pool": null,
            "format": "qcow2",
            "id": "/var/lib/libvirt/images/dhcp-server.qcow2",
            "name": "dhcp-server.qcow2",
            "pool": "default",
            "size": 2361393152,
            "source": null,
            "xml": []
          },
          "sensitive_attributes": [],
          "private": "bnVsbA==",
          "dependencies": [
            "libvirt_volume.ubuntu_base"
          ]
        }
      ]
    },
    {
      "mode": "managed",
      "type": "libvirt_volume",
      "name": "ubuntu_base",
      "provider": "provider[\"registry.terraform.io/dmacvicar/libvirt\"]",
      "instances": [
        {
          "schema_version": 0,
          "attributes": {
            "base_volume_id": null,
            "base_volume_name": null,
            "base_volume_pool": null,
            "format": "qcow2",
            "id": "/var/lib/libvirt/images/ubuntu-base.qcow2",
            "name": "ubuntu-base.qcow2",
            "pool": "default",
            "size": 2361393152,
            "source": "https://cloud-images.ubuntu.com/focal/current/focal-server-cloudimg-amd64.img",
            "xml": []
          },
          "sensitive_attributes": [],
          "private": "bnVsbA=="
        }
      ]
    }
  ],
  "check_results": null
}
